
Microsoft Visual Studio Solution File, Format Version 12.00
# Visual Studio 15
VisualStudioVersion = 15.0.27428.2015
MinimumVisualStudioVersion = 10.0.40219.1
Project("{1B19158F-E398-40A6-8E3B-350508E125F1}") = "AssetMobileApp.Shared", "AssetMobileApp.Shared\AssetMobileApp.Shared.dxjsproj", "{F8A5D4E2-F1BC-40F5-A42B-008986D0029A}"
EndProject
Project("{1B19158F-E398-40A6-8E3B-350508E125F1}") = "AssetMobileApp.Mobile", "AssetMobileApp.Mobile\AssetMobileApp.Mobile.dxjsproj", "{B66509B6-F9BA-4EF9-B152-07DAC1EE92B8}"
EndProject
Global
	GlobalSection(SolutionConfigurationPlatforms) = preSolution
		Debug|Any CPU = Debug|Any CPU
		Release|Any CPU = Release|Any CPU
	EndGlobalSection
	GlobalSection(ProjectConfigurationPlatforms) = postSolution
		{F8A5D4E2-F1BC-40F5-A42B-008986D0029A}.Debug|Any CPU.ActiveCfg = Debug|Any CPU
		{F8A5D4E2-F1BC-40F5-A42B-008986D0029A}.Debug|Any CPU.Build.0 = Debug|Any CPU
		{F8A5D4E2-F1BC-40F5-A42B-008986D0029A}.Release|Any CPU.ActiveCfg = Release|Any CPU
		{F8A5D4E2-F1BC-40F5-A42B-008986D0029A}.Release|Any CPU.Build.0 = Release|Any CPU
		{B66509B6-F9BA-4EF9-B152-07DAC1EE92B8}.Debug|Any CPU.ActiveCfg = Debug|Any CPU
		{B66509B6-F9BA-4EF9-B152-07DAC1EE92B8}.Debug|Any CPU.Build.0 = Debug|Any CPU
		{B66509B6-F9BA-4EF9-B152-07DAC1EE92B8}.Release|Any CPU.ActiveCfg = Release|Any CPU
		{B66509B6-F9BA-4EF9-B152-07DAC1EE92B8}.Release|Any CPU.Build.0 = Release|Any CPU
	EndGlobalSection
	GlobalSection(SolutionProperties) = preSolution
		HideSolutionNode = FALSE
	EndGlobalSection
	GlobalSection(ExtensibilityGlobals) = postSolution
		SolutionGuid = {68425FA5-B90F-4811-8FB9-EB95E5B6981A}
	EndGlobalSection
EndGlobal
