
Microsoft Visual Studio Solution File, Format Version 12.00
# Visual Studio 15
VisualStudioVersion = 15.0.27428.2015
MinimumVisualStudioVersion = 10.0.40219.1
Project("{FAE04EC0-301F-11D3-BF4B-00C04F79EFBC}") = "AssetODataService", "AssetODataService\AssetODataService.csproj", "{1A935194-D735-4C98-B30B-CFB0D910D350}"
EndProject
Global
	GlobalSection(SolutionConfigurationPlatforms) = preSolution
		Debug|Any CPU = Debug|Any CPU
		Release|Any CPU = Release|Any CPU
	EndGlobalSection
	GlobalSection(ProjectConfigurationPlatforms) = postSolution
		{1A935194-D735-4C98-B30B-CFB0D910D350}.Debug|Any CPU.ActiveCfg = Debug|Any CPU
		{1A935194-D735-4C98-B30B-CFB0D910D350}.Debug|Any CPU.Build.0 = Debug|Any CPU
		{1A935194-D735-4C98-B30B-CFB0D910D350}.Release|Any CPU.ActiveCfg = Release|Any CPU
		{1A935194-D735-4C98-B30B-CFB0D910D350}.Release|Any CPU.Build.0 = Release|Any CPU
	EndGlobalSection
	GlobalSection(SolutionProperties) = preSolution
		HideSolutionNode = FALSE
	EndGlobalSection
	GlobalSection(ExtensibilityGlobals) = postSolution
		SolutionGuid = {920C7BC2-0DB1-4D5D-9730-994B10CB7B20}
	EndGlobalSection
EndGlobal
